
Microsoft Visual Studio Solution File, Format Version 12.00
# Visual Studio Version 17
VisualStudioVersion = 17.0.31919.166
MinimumVisualStudioVersion = 10.0.40219.1
Project("{FAE04EC0-301F-11D3-BF4B-00C04F79EFBC}") = "WinFormsApp", "WinFormsApp.csproj", "{2811B1F6-86E0-477A-99D2-A5EA5739918C}"
EndProject
Global
	GlobalSection(SolutionConfigurationPlatforms) = preSolution
		Debug|Any CPU = Debug|Any CPU
		Release|Any CPU = Release|Any CPU
	EndGlobalSection
	GlobalSection(ProjectConfigurationPlatforms) = postSolution
		{2811B1F6-86E0-477A-99D2-A5EA5739918C}.Debug|Any CPU.ActiveCfg = Debug|Any CPU
		{2811B1F6-86E0-477A-99D2-A5EA5739918C}.Debug|Any CPU.Build.0 = Debug|Any CPU
		{2811B1F6-86E0-477A-99D2-A5EA5739918C}.Release|Any CPU.ActiveCfg = Release|Any CPU
		{2811B1F6-86E0-477A-99D2-A5EA5739918C}.Release|Any CPU.Build.0 = Release|Any CPU
	EndGlobalSection
	GlobalSection(SolutionProperties) = preSolution
		HideSolutionNode = FALSE
	EndGlobalSection
	GlobalSection(ExtensibilityGlobals) = postSolution
		SolutionGuid = {1EC5550E-5F55-4E56-BCD9-367DA412EE58}
	EndGlobalSection
EndGlobal
